GEM
  remote: http://rubygems.org/
  specs:
    childprocess (0.5.5)
      ffi (~> 1.0, >= 1.0.11)
    data_magic (0.20)
      faker (>= 1.1.2)
      yml_reader (>= 0.4)
    faker (1.4.3)
      i18n (~> 0.5)
    ffi (1.9.8)
    i18n (0.7.0)
    multi_json (1.11.0)
    page-object (1.0.3)
      page_navigation (>= 0.9)
      selenium-webdriver (>= 2.44.0)
      watir-webdriver (>= 0.6.11)
    page_navigation (0.9)
      data_magic (>= 0.14)
    rubyzip (1.1.7)
    selenium-webdriver (2.45.0)
      childprocess (~> 0.5)
      multi_json (~> 1.0)
      rubyzip (~> 1.0)
      websocket (~> 1.0)
    watir-webdriver (0.7.0)
      selenium-webdriver (>= 2.45)
    websocket (1.2.1)
    yml_reader (0.5)

PLATFORMS
  ruby

DEPENDENCIES
  page-object (= 1.0.3)
  selenium-webdriver (= 2.45.0)
